
Microsoft Visual Studio Solution File, Format Version 12.00
# Visual Studio Version 17
VisualStudioVersion = 17.0.31919.166
MinimumVisualStudioVersion = 10.0.40219.1
Project("{9A19103F-16F7-4668-BE54-9A1E7A4F7556}") = "GasaiYuno", "GasaiYuno\GasaiYuno.csproj", "{BA8AD6F6-7275-47B7-886A-6A5F27CD97B6}"
EndProject
Project("{2150E333-8FDC-42A3-9474-1A3956D46DE8}") = "Discord", "Discord", "{6EC58D46-BAA5-47A9-B1A8-24DE57F471A6}"
EndProject
Project("{2150E333-8FDC-42A3-9474-1A3956D46DE8}") = "Localization", "Localization", "{6E223105-638A-4CD5-9BDE-7D3AA22922A8}"
EndProject
Project("{9A19103F-16F7-4668-BE54-9A1E7A4F7556}") = "GasaiYuno.Discord.Core", "Discord\GasaiYuno.Discord.Core\GasaiYuno.Discord.Core.csproj", "{8D68E910-A32C-47CE-BD30-FFCFF1C017B9}"
EndProject
Project("{9A19103F-16F7-4668-BE54-9A1E7A4F7556}") = "GasaiYuno.Discord", "Discord\GasaiYuno.Discord\GasaiYuno.Discord.csproj", "{3EEAF895-3C57-4F2F-A61A-3808263941FB}"
EndProject
Project("{2150E333-8FDC-42A3-9474-1A3956D46DE8}") = "Extensions", "Extensions", "{E5EFC96B-31A2-4D55-921A-3AEF329DDAFB}"
EndProject
Project("{2150E333-8FDC-42A3-9474-1A3956D46DE8}") = "Automation", "Automation", "{5F0AED35-CC92-4702-99A3-461A340B83C2}"
EndProject
Project("{2150E333-8FDC-42A3-9474-1A3956D46DE8}") = "Entertainment", "Entertainment", "{114D3FF0-8DE0-44B8-9991-8E0BD95EED64}"
EndProject
Project("{2150E333-8FDC-42A3-9474-1A3956D46DE8}") = "Info", "Info", "{2E930AFE-8307-4720-B858-F37851CB5138}"
EndProject
Project("{2150E333-8FDC-42A3-9474-1A3956D46DE8}") = "Moderation", "Moderation", "{2D730EE7-6053-4F4E-8E9C-D4627411FCC8}"
EndProject
Project("{2150E333-8FDC-42A3-9474-1A3956D46DE8}") = "Notifications", "Notifications", "{58ACA2B5-DD01-4EB1-89DA-C98CEFB8F85B}"
EndProject
Project("{9A19103F-16F7-4668-BE54-9A1E7A4F7556}") = "GasaiYuno.Discord.Localization", "Discord\GasaiYuno.Discord.Localization\GasaiYuno.Discord.Localization.csproj", "{359DD60C-F3FB-40D3-A6DC-6A591AE7D946}"
EndProject
Project("{FAE04EC0-301F-11D3-BF4B-00C04F79EFBC}") = "GasaiYuno.Discord.Info", "Discord\GasaiYuno.Discord.Info\GasaiYuno.Discord.Info.csproj", "{641DEA4F-DAE9-4EAC-BF25-0F046C63F38F}"
EndProject
Project("{9A19103F-16F7-4668-BE54-9A1E7A4F7556}") = "GasaiYuno.Discord.Listing", "Discord\GasaiYuno.Discord.Listing\GasaiYuno.Discord.Listing.csproj", "{05DCEF55-6AB0-45F3-9CB0-F240C25E188F}"
EndProject
Project("{9A19103F-16F7-4668-BE54-9A1E7A4F7556}") = "GasaiYuno.Discord.Chatbot", "Discord\GasaiYuno.Discord.Chatbot\GasaiYuno.Discord.Chatbot.csproj", "{4DF25D92-3CBD-4171-8B19-A002D5E0F870}"
EndProject
Project("{9A19103F-16F7-4668-BE54-9A1E7A4F7556}") = "GasaiYuno.Discord.Music", "Discord\GasaiYuno.Discord.Music\GasaiYuno.Discord.Music.csproj", "{22181488-B60C-487F-8246-6C88C0CB5545}"
EndProject
Project("{FAE04EC0-301F-11D3-BF4B-00C04F79EFBC}") = "GasaiYuno.Discord.DistributionRoles", "Discord\GasaiYuno.Discord.DistributionRoles\GasaiYuno.Discord.DistributionRoles.csproj", "{FEF11331-CDF3-4D9D-B539-1850BEFE3865}"
EndProject
Project("{FAE04EC0-301F-11D3-BF4B-00C04F79EFBC}") = "GasaiYuno.Discord.CustomCommands", "Discord\GasaiYuno.Discord.CustomCommands\GasaiYuno.Discord.CustomCommands.csproj", "{B294F673-3437-4E26-846D-819D6283961A}"
EndProject
Project("{FAE04EC0-301F-11D3-BF4B-00C04F79EFBC}") = "GasaiYuno.Discord.Polls", "Discord\GasaiYuno.Discord.Polls\GasaiYuno.Discord.Polls.csproj", "{F27518CE-6BA9-42BE-BECC-D736F38B362C}"
EndProject
Project("{FAE04EC0-301F-11D3-BF4B-00C04F79EFBC}") = "GasaiYuno.Discord.Raffles", "Discord\GasaiYuno.Discord.Raffles\GasaiYuno.Discord.Raffles.csproj", "{F2F783FF-B848-48B0-A17C-6DD3094E8A96}"
EndProject
Project("{FAE04EC0-301F-11D3-BF4B-00C04F79EFBC}") = "GasaiYuno.Discord.GameRoles", "Discord\GasaiYuno.Discord.GameRoles\GasaiYuno.Discord.GameRoles.csproj", "{AC00C591-6529-4C31-A80C-98BBE857C56D}"
EndProject
Project("{FAE04EC0-301F-11D3-BF4B-00C04F79EFBC}") = "GasaiYuno.Discord.Notifications", "Discord\GasaiYuno.Discord.Notifications\GasaiYuno.Discord.Notifications.csproj", "{1E8B0958-BFC6-45DF-B74C-49B0757574E0}"
EndProject
Project("{FAE04EC0-301F-11D3-BF4B-00C04F79EFBC}") = "GasaiYuno.Discord.Bans", "Discord\GasaiYuno.Discord.Bans\GasaiYuno.Discord.Bans.csproj", "{A50C7D73-21F7-48BE-834C-0F29EFD61910}"
EndProject
Project("{FAE04EC0-301F-11D3-BF4B-00C04F79EFBC}") = "GasaiYuno.Discord.StickyMessages", "Discord\GasaiYuno.Discord.StickyMessages\GasaiYuno.Discord.StickyMessages.csproj", "{364F6973-5396-48CC-829F-891457EF3C3C}"
EndProject
Project("{FAE04EC0-301F-11D3-BF4B-00C04F79EFBC}") = "GasaiYuno.Discord.Neko", "Discord\GasaiYuno.Discord.Neko\GasaiYuno.Discord.Neko.csproj", "{97D25BCA-9B1C-4389-95C8-C6AA7D0647E8}"
EndProject
Project("{FAE04EC0-301F-11D3-BF4B-00C04F79EFBC}") = "GasaiYuno.Discord.AutoChannels", "Discord\GasaiYuno.Discord.AutoChannels\GasaiYuno.Discord.AutoChannels.csproj", "{EFB2B82B-7FDC-43EF-95CC-1235AF2B8267}"
EndProject
Project("{FAE04EC0-301F-11D3-BF4B-00C04F79EFBC}") = "GasaiYuno.Localization.Editor", "Localization\GasaiYuno.Localization.Editor\GasaiYuno.Localization.Editor.csproj", "{D63DB656-B1E4-4A71-A038-BD0F8BDDF178}"
EndProject
Project("{2150E333-8FDC-42A3-9474-1A3956D46DE8}") = "Persistence", "Persistence", "{7D96C447-4093-4620-BB3A-28B2B6B73AE6}"
EndProject
Project("{FAE04EC0-301F-11D3-BF4B-00C04F79EFBC}") = "GasaiYuno.Persistence.RavenDB", "Persistence\GasaiYuno.Persistence.RavenDB\GasaiYuno.Persistence.RavenDB.csproj", "{015FED71-DF79-4CD7-9370-EA57268C8B4B}"
EndProject
Project("{FAE04EC0-301F-11D3-BF4B-00C04F79EFBC}") = "GasaiYuno.Persistence.Abstraction", "Persistence\GasaiYuno.Persistence.Abstraction\GasaiYuno.Persistence.Abstraction.csproj", "{0DA3573A-DB0D-4881-82A1-6C9B48B0ED9E}"
EndProject
Global
	GlobalSection(SolutionConfigurationPlatforms) = preSolution
		Debug|Any CPU = Debug|Any CPU
		Release|Any CPU = Release|Any CPU
	EndGlobalSection
	GlobalSection(ProjectConfigurationPlatforms) = postSolution
		{BA8AD6F6-7275-47B7-886A-6A5F27CD97B6}.Debug|Any CPU.ActiveCfg = Debug|Any CPU
		{BA8AD6F6-7275-47B7-886A-6A5F27CD97B6}.Debug|Any CPU.Build.0 = Debug|Any CPU
		{BA8AD6F6-7275-47B7-886A-6A5F27CD97B6}.Release|Any CPU.ActiveCfg = Release|Any CPU
		{BA8AD6F6-7275-47B7-886A-6A5F27CD97B6}.Release|Any CPU.Build.0 = Release|Any CPU
		{3EEAF895-3C57-4F2F-A61A-3808263941FB}.Debug|Any CPU.ActiveCfg = Debug|Any CPU
		{3EEAF895-3C57-4F2F-A61A-3808263941FB}.Debug|Any CPU.Build.0 = Debug|Any CPU
		{3EEAF895-3C57-4F2F-A61A-3808263941FB}.Release|Any CPU.ActiveCfg = Release|Any CPU
		{3EEAF895-3C57-4F2F-A61A-3808263941FB}.Release|Any CPU.Build.0 = Release|Any CPU
		{359DD60C-F3FB-40D3-A6DC-6A591AE7D946}.Debug|Any CPU.ActiveCfg = Debug|Any CPU
		{359DD60C-F3FB-40D3-A6DC-6A591AE7D946}.Debug|Any CPU.Build.0 = Debug|Any CPU
		{359DD60C-F3FB-40D3-A6DC-6A591AE7D946}.Release|Any CPU.ActiveCfg = Release|Any CPU
		{359DD60C-F3FB-40D3-A6DC-6A591AE7D946}.Release|Any CPU.Build.0 = Release|Any CPU
		{4DF25D92-3CBD-4171-8B19-A002D5E0F870}.Debug|Any CPU.ActiveCfg = Debug|Any CPU
		{4DF25D92-3CBD-4171-8B19-A002D5E0F870}.Debug|Any CPU.Build.0 = Debug|Any CPU
		{4DF25D92-3CBD-4171-8B19-A002D5E0F870}.Release|Any CPU.ActiveCfg = Release|Any CPU
		{4DF25D92-3CBD-4171-8B19-A002D5E0F870}.Release|Any CPU.Build.0 = Release|Any CPU
		{05DCEF55-6AB0-45F3-9CB0-F240C25E188F}.Debug|Any CPU.ActiveCfg = Debug|Any CPU
		{05DCEF55-6AB0-45F3-9CB0-F240C25E188F}.Debug|Any CPU.Build.0 = Debug|Any CPU
		{05DCEF55-6AB0-45F3-9CB0-F240C25E188F}.Release|Any CPU.ActiveCfg = Release|Any CPU
		{05DCEF55-6AB0-45F3-9CB0-F240C25E188F}.Release|Any CPU.Build.0 = Release|Any CPU
		{22181488-B60C-487F-8246-6C88C0CB5545}.Debug|Any CPU.ActiveCfg = Debug|Any CPU
		{22181488-B60C-487F-8246-6C88C0CB5545}.Debug|Any CPU.Build.0 = Debug|Any CPU
		{22181488-B60C-487F-8246-6C88C0CB5545}.Release|Any CPU.ActiveCfg = Release|Any CPU
		{22181488-B60C-487F-8246-6C88C0CB5545}.Release|Any CPU.Build.0 = Release|Any CPU
		{8D68E910-A32C-47CE-BD30-FFCFF1C017B9}.Debug|Any CPU.ActiveCfg = Debug|Any CPU
		{8D68E910-A32C-47CE-BD30-FFCFF1C017B9}.Debug|Any CPU.Build.0 = Debug|Any CPU
		{8D68E910-A32C-47CE-BD30-FFCFF1C017B9}.Release|Any CPU.ActiveCfg = Release|Any CPU
		{8D68E910-A32C-47CE-BD30-FFCFF1C017B9}.Release|Any CPU.Build.0 = Release|Any CPU
		{FEF11331-CDF3-4D9D-B539-1850BEFE3865}.Debug|Any CPU.ActiveCfg = Debug|Any CPU
		{FEF11331-CDF3-4D9D-B539-1850BEFE3865}.Debug|Any CPU.Build.0 = Debug|Any CPU
		{FEF11331-CDF3-4D9D-B539-1850BEFE3865}.Release|Any CPU.ActiveCfg = Release|Any CPU
		{FEF11331-CDF3-4D9D-B539-1850BEFE3865}.Release|Any CPU.Build.0 = Release|Any CPU
		{B294F673-3437-4E26-846D-819D6283961A}.Debug|Any CPU.ActiveCfg = Debug|Any CPU
		{B294F673-3437-4E26-846D-819D6283961A}.Debug|Any CPU.Build.0 = Debug|Any CPU
		{B294F673-3437-4E26-846D-819D6283961A}.Release|Any CPU.ActiveCfg = Release|Any CPU
		{B294F673-3437-4E26-846D-819D6283961A}.Release|Any CPU.Build.0 = Release|Any CPU
		{F27518CE-6BA9-42BE-BECC-D736F38B362C}.Debug|Any CPU.ActiveCfg = Debug|Any CPU
		{F27518CE-6BA9-42BE-BECC-D736F38B362C}.Debug|Any CPU.Build.0 = Debug|Any CPU
		{F27518CE-6BA9-42BE-BECC-D736F38B362C}.Release|Any CPU.ActiveCfg = Release|Any CPU
		{F27518CE-6BA9-42BE-BECC-D736F38B362C}.Release|Any CPU.Build.0 = Release|Any CPU
		{F2F783FF-B848-48B0-A17C-6DD3094E8A96}.Debug|Any CPU.ActiveCfg = Debug|Any CPU
		{F2F783FF-B848-48B0-A17C-6DD3094E8A96}.Debug|Any CPU.Build.0 = Debug|Any CPU
		{F2F783FF-B848-48B0-A17C-6DD3094E8A96}.Release|Any CPU.ActiveCfg = Release|Any CPU
		{F2F783FF-B848-48B0-A17C-6DD3094E8A96}.Release|Any CPU.Build.0 = Release|Any CPU
		{AC00C591-6529-4C31-A80C-98BBE857C56D}.Debug|Any CPU.ActiveCfg = Debug|Any CPU
		{AC00C591-6529-4C31-A80C-98BBE857C56D}.Debug|Any CPU.Build.0 = Debug|Any CPU
		{AC00C591-6529-4C31-A80C-98BBE857C56D}.Release|Any CPU.ActiveCfg = Release|Any CPU
		{AC00C591-6529-4C31-A80C-98BBE857C56D}.Release|Any CPU.Build.0 = Release|Any CPU
		{1E8B0958-BFC6-45DF-B74C-49B0757574E0}.Debug|Any CPU.ActiveCfg = Debug|Any CPU
		{1E8B0958-BFC6-45DF-B74C-49B0757574E0}.Debug|Any CPU.Build.0 = Debug|Any CPU
		{1E8B0958-BFC6-45DF-B74C-49B0757574E0}.Release|Any CPU.ActiveCfg = Release|Any CPU
		{1E8B0958-BFC6-45DF-B74C-49B0757574E0}.Release|Any CPU.Build.0 = Release|Any CPU
		{A50C7D73-21F7-48BE-834C-0F29EFD61910}.Debug|Any CPU.ActiveCfg = Debug|Any CPU
		{A50C7D73-21F7-48BE-834C-0F29EFD61910}.Debug|Any CPU.Build.0 = Debug|Any CPU
		{A50C7D73-21F7-48BE-834C-0F29EFD61910}.Release|Any CPU.ActiveCfg = Release|Any CPU
		{A50C7D73-21F7-48BE-834C-0F29EFD61910}.Release|Any CPU.Build.0 = Release|Any CPU
		{364F6973-5396-48CC-829F-891457EF3C3C}.Debug|Any CPU.ActiveCfg = Debug|Any CPU
		{364F6973-5396-48CC-829F-891457EF3C3C}.Debug|Any CPU.Build.0 = Debug|Any CPU
		{364F6973-5396-48CC-829F-891457EF3C3C}.Release|Any CPU.ActiveCfg = Release|Any CPU
		{364F6973-5396-48CC-829F-891457EF3C3C}.Release|Any CPU.Build.0 = Release|Any CPU
		{641DEA4F-DAE9-4EAC-BF25-0F046C63F38F}.Debug|Any CPU.ActiveCfg = Debug|Any CPU
		{641DEA4F-DAE9-4EAC-BF25-0F046C63F38F}.Debug|Any CPU.Build.0 = Debug|Any CPU
		{641DEA4F-DAE9-4EAC-BF25-0F046C63F38F}.Release|Any CPU.ActiveCfg = Release|Any CPU
		{641DEA4F-DAE9-4EAC-BF25-0F046C63F38F}.Release|Any CPU.Build.0 = Release|Any CPU
		{97D25BCA-9B1C-4389-95C8-C6AA7D0647E8}.Debug|Any CPU.ActiveCfg = Debug|Any CPU
		{97D25BCA-9B1C-4389-95C8-C6AA7D0647E8}.Debug|Any CPU.Build.0 = Debug|Any CPU
		{97D25BCA-9B1C-4389-95C8-C6AA7D0647E8}.Release|Any CPU.ActiveCfg = Release|Any CPU
		{97D25BCA-9B1C-4389-95C8-C6AA7D0647E8}.Release|Any CPU.Build.0 = Release|Any CPU
		{EFB2B82B-7FDC-43EF-95CC-1235AF2B8267}.Debug|Any CPU.ActiveCfg = Debug|Any CPU
		{EFB2B82B-7FDC-43EF-95CC-1235AF2B8267}.Debug|Any CPU.Build.0 = Debug|Any CPU
		{EFB2B82B-7FDC-43EF-95CC-1235AF2B8267}.Release|Any CPU.ActiveCfg = Release|Any CPU
		{EFB2B82B-7FDC-43EF-95CC-1235AF2B8267}.Release|Any CPU.Build.0 = Release|Any CPU
		{D63DB656-B1E4-4A71-A038-BD0F8BDDF178}.Debug|Any CPU.ActiveCfg = Debug|Any CPU
		{D63DB656-B1E4-4A71-A038-BD0F8BDDF178}.Debug|Any CPU.Build.0 = Debug|Any CPU
		{D63DB656-B1E4-4A71-A038-BD0F8BDDF178}.Release|Any CPU.ActiveCfg = Release|Any CPU
		{D63DB656-B1E4-4A71-A038-BD0F8BDDF178}.Release|Any CPU.Build.0 = Release|Any CPU
		{015FED71-DF79-4CD7-9370-EA57268C8B4B}.Debug|Any CPU.ActiveCfg = Debug|Any CPU
		{015FED71-DF79-4CD7-9370-EA57268C8B4B}.Debug|Any CPU.Build.0 = Debug|Any CPU
		{015FED71-DF79-4CD7-9370-EA57268C8B4B}.Release|Any CPU.ActiveCfg = Release|Any CPU
		{015FED71-DF79-4CD7-9370-EA57268C8B4B}.Release|Any CPU.Build.0 = Release|Any CPU
		{0DA3573A-DB0D-4881-82A1-6C9B48B0ED9E}.Debug|Any CPU.ActiveCfg = Debug|Any CPU
		{0DA3573A-DB0D-4881-82A1-6C9B48B0ED9E}.Debug|Any CPU.Build.0 = Debug|Any CPU
		{0DA3573A-DB0D-4881-82A1-6C9B48B0ED9E}.Release|Any CPU.ActiveCfg = Release|Any CPU
		{0DA3573A-DB0D-4881-82A1-6C9B48B0ED9E}.Release|Any CPU.Build.0 = Release|Any CPU
	EndGlobalSection
	GlobalSection(SolutionProperties) = preSolution
		HideSolutionNode = FALSE
	EndGlobalSection
	GlobalSection(NestedProjects) = preSolution
		{8D68E910-A32C-47CE-BD30-FFCFF1C017B9} = {6EC58D46-BAA5-47A9-B1A8-24DE57F471A6}
		{E5EFC96B-31A2-4D55-921A-3AEF329DDAFB} = {6EC58D46-BAA5-47A9-B1A8-24DE57F471A6}
		{5F0AED35-CC92-4702-99A3-461A340B83C2} = {E5EFC96B-31A2-4D55-921A-3AEF329DDAFB}
		{114D3FF0-8DE0-44B8-9991-8E0BD95EED64} = {E5EFC96B-31A2-4D55-921A-3AEF329DDAFB}
		{2E930AFE-8307-4720-B858-F37851CB5138} = {E5EFC96B-31A2-4D55-921A-3AEF329DDAFB}
		{2D730EE7-6053-4F4E-8E9C-D4627411FCC8} = {E5EFC96B-31A2-4D55-921A-3AEF329DDAFB}
		{58ACA2B5-DD01-4EB1-89DA-C98CEFB8F85B} = {E5EFC96B-31A2-4D55-921A-3AEF329DDAFB}
		{AC00C591-6529-4C31-A80C-98BBE857C56D} = {5F0AED35-CC92-4702-99A3-461A340B83C2}
		{F27518CE-6BA9-42BE-BECC-D736F38B362C} = {5F0AED35-CC92-4702-99A3-461A340B83C2}
		{F2F783FF-B848-48B0-A17C-6DD3094E8A96} = {5F0AED35-CC92-4702-99A3-461A340B83C2}
		{FEF11331-CDF3-4D9D-B539-1850BEFE3865} = {5F0AED35-CC92-4702-99A3-461A340B83C2}
		{B294F673-3437-4E26-846D-819D6283961A} = {114D3FF0-8DE0-44B8-9991-8E0BD95EED64}
		{4DF25D92-3CBD-4171-8B19-A002D5E0F870} = {114D3FF0-8DE0-44B8-9991-8E0BD95EED64}
		{22181488-B60C-487F-8246-6C88C0CB5545} = {114D3FF0-8DE0-44B8-9991-8E0BD95EED64}
		{359DD60C-F3FB-40D3-A6DC-6A591AE7D946} = {2D730EE7-6053-4F4E-8E9C-D4627411FCC8}
		{1E8B0958-BFC6-45DF-B74C-49B0757574E0} = {58ACA2B5-DD01-4EB1-89DA-C98CEFB8F85B}
		{A50C7D73-21F7-48BE-834C-0F29EFD61910} = {2D730EE7-6053-4F4E-8E9C-D4627411FCC8}
		{364F6973-5396-48CC-829F-891457EF3C3C} = {5F0AED35-CC92-4702-99A3-461A340B83C2}
		{3EEAF895-3C57-4F2F-A61A-3808263941FB} = {6EC58D46-BAA5-47A9-B1A8-24DE57F471A6}
		{641DEA4F-DAE9-4EAC-BF25-0F046C63F38F} = {2E930AFE-8307-4720-B858-F37851CB5138}
		{97D25BCA-9B1C-4389-95C8-C6AA7D0647E8} = {114D3FF0-8DE0-44B8-9991-8E0BD95EED64}
		{05DCEF55-6AB0-45F3-9CB0-F240C25E188F} = {2E930AFE-8307-4720-B858-F37851CB5138}
		{EFB2B82B-7FDC-43EF-95CC-1235AF2B8267} = {5F0AED35-CC92-4702-99A3-461A340B83C2}
		{D63DB656-B1E4-4A71-A038-BD0F8BDDF178} = {6E223105-638A-4CD5-9BDE-7D3AA22922A8}
		{015FED71-DF79-4CD7-9370-EA57268C8B4B} = {7D96C447-4093-4620-BB3A-28B2B6B73AE6}
		{0DA3573A-DB0D-4881-82A1-6C9B48B0ED9E} = {7D96C447-4093-4620-BB3A-28B2B6B73AE6}
	EndGlobalSection
	GlobalSection(ExtensibilityGlobals) = postSolution
		SolutionGuid = {ECC2482A-84DF-4A62-A069-2C5D22B102E6}
	EndGlobalSection
EndGlobal
