
Microsoft Visual Studio Solution File, Format Version 12.00
# Visual Studio Version 16
VisualStudioVersion = 16.0.30804.86
MinimumVisualStudioVersion = 10.0.40219.1
Project("{9A19103F-16F7-4668-BE54-9A1E7A4F7556}") = "GasaiYuno", "GasaiYuno\GasaiYuno.csproj", "{BA8AD6F6-7275-47B7-886A-6A5F27CD97B6}"
	ProjectSection(ProjectDependencies) = postProject
		{359DD60C-F3FB-40D3-A6DC-6A591AE7D946} = {359DD60C-F3FB-40D3-A6DC-6A591AE7D946}
		{05DCEF55-6AB0-45F3-9CB0-F240C25E188F} = {05DCEF55-6AB0-45F3-9CB0-F240C25E188F}
		{6CBE8477-FF5C-4FB0-B65D-3DA5ED2D739B} = {6CBE8477-FF5C-4FB0-B65D-3DA5ED2D739B}
		{F423137A-4218-445C-9975-1A7EA07DA38B} = {F423137A-4218-445C-9975-1A7EA07DA38B}
		{4DF25D92-3CBD-4171-8B19-A002D5E0F870} = {4DF25D92-3CBD-4171-8B19-A002D5E0F870}
		{3EEAF895-3C57-4F2F-A61A-3808263941FB} = {3EEAF895-3C57-4F2F-A61A-3808263941FB}
		{8E3F67A9-D99F-45F1-BCF4-729539C3615E} = {8E3F67A9-D99F-45F1-BCF4-729539C3615E}
		{12A535BB-963E-42E0-B299-93F9F30BCDC9} = {12A535BB-963E-42E0-B299-93F9F30BCDC9}
		{0D2D36ED-9A7E-4974-B046-BFF512E7DD02} = {0D2D36ED-9A7E-4974-B046-BFF512E7DD02}
	EndProjectSection
EndProject
Project("{9A19103F-16F7-4668-BE54-9A1E7A4F7556}") = "GasaiYuno.Interface", "GasaiYuno.Interface\GasaiYuno.Interface.csproj", "{0D2D36ED-9A7E-4974-B046-BFF512E7DD02}"
EndProject
Project("{2150E333-8FDC-42A3-9474-1A3956D46DE8}") = "Discord", "Discord", "{6EC58D46-BAA5-47A9-B1A8-24DE57F471A6}"
EndProject
Project("{9A19103F-16F7-4668-BE54-9A1E7A4F7556}") = "GasaiYuno.Discord", "Discord\GasaiYuno.Discord\GasaiYuno.Discord.csproj", "{3EEAF895-3C57-4F2F-A61A-3808263941FB}"
	ProjectSection(ProjectDependencies) = postProject
		{359DD60C-F3FB-40D3-A6DC-6A591AE7D946} = {359DD60C-F3FB-40D3-A6DC-6A591AE7D946}
		{05DCEF55-6AB0-45F3-9CB0-F240C25E188F} = {05DCEF55-6AB0-45F3-9CB0-F240C25E188F}
		{6CBE8477-FF5C-4FB0-B65D-3DA5ED2D739B} = {6CBE8477-FF5C-4FB0-B65D-3DA5ED2D739B}
		{4DF25D92-3CBD-4171-8B19-A002D5E0F870} = {4DF25D92-3CBD-4171-8B19-A002D5E0F870}
	EndProjectSection
EndProject
Project("{9A19103F-16F7-4668-BE54-9A1E7A4F7556}") = "GasaiYuno.Discord.Domain", "Discord\GasaiYuno.Discord.Domain\GasaiYuno.Discord.Domain.csproj", "{8E3F67A9-D99F-45F1-BCF4-729539C3615E}"
EndProject
Project("{9A19103F-16F7-4668-BE54-9A1E7A4F7556}") = "GasaiYuno.Discord.Infrastructure", "Discord\GasaiYuno.Discord.Infrastructure\GasaiYuno.Discord.Infrastructure.csproj", "{12A535BB-963E-42E0-B299-93F9F30BCDC9}"
EndProject
Project("{9A19103F-16F7-4668-BE54-9A1E7A4F7556}") = "GasaiYuno.Discord.Persistence", "Discord\GasaiYuno.Discord.Persistence\GasaiYuno.Discord.Persistence.csproj", "{F423137A-4218-445C-9975-1A7EA07DA38B}"
EndProject
Project("{2150E333-8FDC-42A3-9474-1A3956D46DE8}") = "Localization", "Localization", "{1B5E863C-EC0E-4FB6-B23B-6407D907B7F8}"
EndProject
Project("{9A19103F-16F7-4668-BE54-9A1E7A4F7556}") = "GasaiYuno.Localization", "Localization\GasaiYuno.Localization\GasaiYuno.Localization.csproj", "{359DD60C-F3FB-40D3-A6DC-6A591AE7D946}"
EndProject
Project("{2150E333-8FDC-42A3-9474-1A3956D46DE8}") = "Storage", "Storage", "{C1D94B92-8395-439E-9677-C17625BEC3F1}"
EndProject
Project("{9A19103F-16F7-4668-BE54-9A1E7A4F7556}") = "GasaiYuno.Storage.Image", "Storage\GasaiYuno.Storage.Image\GasaiYuno.Storage.Image.csproj", "{6CBE8477-FF5C-4FB0-B65D-3DA5ED2D739B}"
EndProject
Project("{2150E333-8FDC-42A3-9474-1A3956D46DE8}") = "Chatbot", "Chatbot", "{6C9A4E33-3CDE-441C-89E2-2E2A1F64C202}"
EndProject
Project("{9A19103F-16F7-4668-BE54-9A1E7A4F7556}") = "GasaiYuno.Chatbot.Cleverbot", "Chatbot\GasaiYuno.Chatbot.Cleverbot\GasaiYuno.Chatbot.Cleverbot.csproj", "{4DF25D92-3CBD-4171-8B19-A002D5E0F870}"
EndProject
Project("{2150E333-8FDC-42A3-9474-1A3956D46DE8}") = "Listing", "Listing", "{F7567298-F3B3-48DF-AB19-3CEB3D1BEE7D}"
EndProject
Project("{9A19103F-16F7-4668-BE54-9A1E7A4F7556}") = "GasaiYuno.Listing.Discord", "Listing\GasaiYuno.Listing.Discord\GasaiYuno.Listing.Discord.csproj", "{05DCEF55-6AB0-45F3-9CB0-F240C25E188F}"
EndProject
Global
	GlobalSection(SolutionConfigurationPlatforms) = preSolution
		Debug|Any CPU = Debug|Any CPU
		Release|Any CPU = Release|Any CPU
	EndGlobalSection
	GlobalSection(ProjectConfigurationPlatforms) = postSolution
		{BA8AD6F6-7275-47B7-886A-6A5F27CD97B6}.Debug|Any CPU.ActiveCfg = Debug|Any CPU
		{BA8AD6F6-7275-47B7-886A-6A5F27CD97B6}.Debug|Any CPU.Build.0 = Debug|Any CPU
		{BA8AD6F6-7275-47B7-886A-6A5F27CD97B6}.Release|Any CPU.ActiveCfg = Release|Any CPU
		{BA8AD6F6-7275-47B7-886A-6A5F27CD97B6}.Release|Any CPU.Build.0 = Release|Any CPU
		{0D2D36ED-9A7E-4974-B046-BFF512E7DD02}.Debug|Any CPU.ActiveCfg = Debug|Any CPU
		{0D2D36ED-9A7E-4974-B046-BFF512E7DD02}.Debug|Any CPU.Build.0 = Debug|Any CPU
		{0D2D36ED-9A7E-4974-B046-BFF512E7DD02}.Release|Any CPU.ActiveCfg = Release|Any CPU
		{0D2D36ED-9A7E-4974-B046-BFF512E7DD02}.Release|Any CPU.Build.0 = Release|Any CPU
		{3EEAF895-3C57-4F2F-A61A-3808263941FB}.Debug|Any CPU.ActiveCfg = Debug|Any CPU
		{3EEAF895-3C57-4F2F-A61A-3808263941FB}.Debug|Any CPU.Build.0 = Debug|Any CPU
		{3EEAF895-3C57-4F2F-A61A-3808263941FB}.Release|Any CPU.ActiveCfg = Release|Any CPU
		{3EEAF895-3C57-4F2F-A61A-3808263941FB}.Release|Any CPU.Build.0 = Release|Any CPU
		{8E3F67A9-D99F-45F1-BCF4-729539C3615E}.Debug|Any CPU.ActiveCfg = Debug|Any CPU
		{8E3F67A9-D99F-45F1-BCF4-729539C3615E}.Debug|Any CPU.Build.0 = Debug|Any CPU
		{8E3F67A9-D99F-45F1-BCF4-729539C3615E}.Release|Any CPU.ActiveCfg = Release|Any CPU
		{8E3F67A9-D99F-45F1-BCF4-729539C3615E}.Release|Any CPU.Build.0 = Release|Any CPU
		{12A535BB-963E-42E0-B299-93F9F30BCDC9}.Debug|Any CPU.ActiveCfg = Debug|Any CPU
		{12A535BB-963E-42E0-B299-93F9F30BCDC9}.Debug|Any CPU.Build.0 = Debug|Any CPU
		{12A535BB-963E-42E0-B299-93F9F30BCDC9}.Release|Any CPU.ActiveCfg = Release|Any CPU
		{12A535BB-963E-42E0-B299-93F9F30BCDC9}.Release|Any CPU.Build.0 = Release|Any CPU
		{F423137A-4218-445C-9975-1A7EA07DA38B}.Debug|Any CPU.ActiveCfg = Debug|Any CPU
		{F423137A-4218-445C-9975-1A7EA07DA38B}.Debug|Any CPU.Build.0 = Debug|Any CPU
		{F423137A-4218-445C-9975-1A7EA07DA38B}.Release|Any CPU.ActiveCfg = Release|Any CPU
		{F423137A-4218-445C-9975-1A7EA07DA38B}.Release|Any CPU.Build.0 = Release|Any CPU
		{359DD60C-F3FB-40D3-A6DC-6A591AE7D946}.Debug|Any CPU.ActiveCfg = Debug|Any CPU
		{359DD60C-F3FB-40D3-A6DC-6A591AE7D946}.Debug|Any CPU.Build.0 = Debug|Any CPU
		{359DD60C-F3FB-40D3-A6DC-6A591AE7D946}.Release|Any CPU.ActiveCfg = Release|Any CPU
		{359DD60C-F3FB-40D3-A6DC-6A591AE7D946}.Release|Any CPU.Build.0 = Release|Any CPU
		{6CBE8477-FF5C-4FB0-B65D-3DA5ED2D739B}.Debug|Any CPU.ActiveCfg = Debug|Any CPU
		{6CBE8477-FF5C-4FB0-B65D-3DA5ED2D739B}.Debug|Any CPU.Build.0 = Debug|Any CPU
		{6CBE8477-FF5C-4FB0-B65D-3DA5ED2D739B}.Release|Any CPU.ActiveCfg = Release|Any CPU
		{6CBE8477-FF5C-4FB0-B65D-3DA5ED2D739B}.Release|Any CPU.Build.0 = Release|Any CPU
		{4DF25D92-3CBD-4171-8B19-A002D5E0F870}.Debug|Any CPU.ActiveCfg = Debug|Any CPU
		{4DF25D92-3CBD-4171-8B19-A002D5E0F870}.Debug|Any CPU.Build.0 = Debug|Any CPU
		{4DF25D92-3CBD-4171-8B19-A002D5E0F870}.Release|Any CPU.ActiveCfg = Release|Any CPU
		{4DF25D92-3CBD-4171-8B19-A002D5E0F870}.Release|Any CPU.Build.0 = Release|Any CPU
		{05DCEF55-6AB0-45F3-9CB0-F240C25E188F}.Debug|Any CPU.ActiveCfg = Debug|Any CPU
		{05DCEF55-6AB0-45F3-9CB0-F240C25E188F}.Debug|Any CPU.Build.0 = Debug|Any CPU
		{05DCEF55-6AB0-45F3-9CB0-F240C25E188F}.Release|Any CPU.ActiveCfg = Release|Any CPU
		{05DCEF55-6AB0-45F3-9CB0-F240C25E188F}.Release|Any CPU.Build.0 = Release|Any CPU
	EndGlobalSection
	GlobalSection(SolutionProperties) = preSolution
		HideSolutionNode = FALSE
	EndGlobalSection
	GlobalSection(NestedProjects) = preSolution
		{3EEAF895-3C57-4F2F-A61A-3808263941FB} = {6EC58D46-BAA5-47A9-B1A8-24DE57F471A6}
		{8E3F67A9-D99F-45F1-BCF4-729539C3615E} = {6EC58D46-BAA5-47A9-B1A8-24DE57F471A6}
		{12A535BB-963E-42E0-B299-93F9F30BCDC9} = {6EC58D46-BAA5-47A9-B1A8-24DE57F471A6}
		{F423137A-4218-445C-9975-1A7EA07DA38B} = {6EC58D46-BAA5-47A9-B1A8-24DE57F471A6}
		{359DD60C-F3FB-40D3-A6DC-6A591AE7D946} = {1B5E863C-EC0E-4FB6-B23B-6407D907B7F8}
		{6CBE8477-FF5C-4FB0-B65D-3DA5ED2D739B} = {C1D94B92-8395-439E-9677-C17625BEC3F1}
		{4DF25D92-3CBD-4171-8B19-A002D5E0F870} = {6C9A4E33-3CDE-441C-89E2-2E2A1F64C202}
		{05DCEF55-6AB0-45F3-9CB0-F240C25E188F} = {F7567298-F3B3-48DF-AB19-3CEB3D1BEE7D}
	EndGlobalSection
	GlobalSection(ExtensibilityGlobals) = postSolution
		SolutionGuid = {ECC2482A-84DF-4A62-A069-2C5D22B102E6}
	EndGlobalSection
EndGlobal
